<?xml version="1.0" encoding="utf-8"?>
<Project ToolsVersion="4.0" xmlns="http://schemas.microsoft.com/developer/msbuild/2003">
  <ItemGroup>
    <ClCompile Include="main.cpp" />
    <ClCompile Include="gameobject\Vector2.cpp">
      <Filter>GameObject</Filter>
    </ClCompile>
    <ClCompile Include="gameobject\Vector3.cpp">
      <Filter>GameObject</Filter>
    </ClCompile>
    <ClCompile Include="packetprocess\LoginProcess.cpp">
      <Filter>PacketProcess</Filter>
    </ClCompile>
    <ClCompile Include="manager\ChannelManager.cpp">
      <Filter>Manager</Filter>
    </ClCompile>
    <ClCompile Include="manager\ChannelInfo.cpp">
      <Filter>Manager</Filter>
    </ClCompile>
    <ClCompile Include="packetprocess\ChannelProcess.cpp">
      <Filter>PacketProcess</Filter>
    </ClCompile>
    <ClCompile Include="gameserver\GameServer.cpp">
      <Filter>GameServer</Filter>
    </ClCompile>
    <ClCompile Include="gameserver\Session.cpp">
      <Filter>GameServer</Filter>
    </ClCompile>
    <ClCompile Include="gameserver\LogicThread.cpp">
      <Filter>GameServer</Filter>
    </ClCompile>
    <ClCompile Include="gameserver\PacketProcessThread.cpp">
      <Filter>GameServer</Filter>
    </ClCompile>
    <ClCompile Include="packet\PacketAnalyzeAndCreate.cpp">
      <Filter>Packet</Filter>
    </ClCompile>
    <ClCompile Include="packet\PacketProcess.cpp">
      <Filter>Packet</Filter>
    </ClCompile>
    <ClCompile Include="packetprocess\CharacterProcess.cpp">
      <Filter>PacketProcess</Filter>
    </ClCompile>
    <ClCompile Include="ObjectManager.cpp" />
    <ClCompile Include="gameserver\SessionPool.cpp">
      <Filter>GameServer</Filter>
    </ClCompile>
    <ClCompile Include="gameobject\MonsterManager.cpp">
      <Filter>GameObject\monster</Filter>
    </ClCompile>
    <ClCompile Include="gameobject\MonsterObject.cpp">
      <Filter>GameObject\monster</Filter>
    </ClCompile>
    <ClCompile Include="packetprocess\MonsterProcess.cpp">
      <Filter>PacketProcess</Filter>
    </ClCompile>
    <ClCompile Include="packetprocess\EventProcess.cpp">
      <Filter>PacketProcess</Filter>
    </ClCompile>
    <ClCompile Include="gameobject\MapManager.cpp">
      <Filter>GameObject\map</Filter>
    </ClCompile>
    <ClCompile Include="gameobject\MapData.cpp">
      <Filter>GameObject\map</Filter>
    </ClCompile>
    <ClCompile Include="system\HeartBeatSystem.cpp">
      <Filter>system</Filter>
    </ClCompile>
    <ClCompile Include="database\DataBaseManager.cpp">
      <Filter>Database</Filter>
    </ClCompile>
    <ClCompile Include="packetprocess\UtilProcess.cpp">
      <Filter>PacketProcess</Filter>
    </ClCompile>
  </ItemGroup>
  <ItemGroup>
    <Filter Include="PacketProcess">
      <UniqueIdentifier>{710724de-46a1-45f8-8a47-ae6efbf4e2e1}</UniqueIdentifier>
    </Filter>
    <Filter Include="Packet">
      <UniqueIdentifier>{0a4d09c7-ac28-4f69-943e-b1366d7669b5}</UniqueIdentifier>
    </Filter>
    <Filter Include="Manager">
      <UniqueIdentifier>{996a76dc-1e8f-4002-a780-ece0ace09625}</UniqueIdentifier>
    </Filter>
    <Filter Include="GameServer">
      <UniqueIdentifier>{bac096b5-ad84-44ed-8eed-00199a135743}</UniqueIdentifier>
    </Filter>
    <Filter Include="GameObject">
      <UniqueIdentifier>{72ec994c-8ebe-454e-992c-79e1e84684ee}</UniqueIdentifier>
    </Filter>
    <Filter Include="GameObject\character">
      <UniqueIdentifier>{362bcbf7-c839-4041-87c8-1231ebdd06b9}</UniqueIdentifier>
    </Filter>
    <Filter Include="GameObject\monster">
      <UniqueIdentifier>{e20203d0-e207-4aaf-b035-eca5d4096840}</UniqueIdentifier>
    </Filter>
    <Filter Include="GameObject\map">
      <UniqueIdentifier>{51a6ddd3-e9a7-41b0-8f75-fd63a5d6a25c}</UniqueIdentifier>
    </Filter>
    <Filter Include="Database">
      <UniqueIdentifier>{c14abd7c-fc07-434c-bc64-700dc868b48e}</UniqueIdentifier>
    </Filter>
    <Filter Include="system">
      <UniqueIdentifier>{bbeefbed-0cb1-41b6-9a2d-81ed7cabbf80}</UniqueIdentifier>
    </Filter>
  </ItemGroup>
  <ItemGroup>
    <ClInclude Include="gameobject\GameObject.h">
      <Filter>GameObject</Filter>
    </ClInclude>
    <ClInclude Include="gameobject\Object.h">
      <Filter>GameObject</Filter>
    </ClInclude>
    <ClInclude Include="gameobject\Transform.h">
      <Filter>GameObject</Filter>
    </ClInclude>
    <ClInclude Include="gameobject\Vector2.h">
      <Filter>GameObject</Filter>
    </ClInclude>
    <ClInclude Include="gameobject\Vector3.h">
      <Filter>GameObject</Filter>
    </ClInclude>
    <ClInclude Include="packetprocess\LoginProcess.h">
      <Filter>PacketProcess</Filter>
    </ClInclude>
    <ClInclude Include="manager\ChannelManager.h">
      <Filter>Manager</Filter>
    </ClInclude>
    <ClInclude Include="manager\ChannelInfo.h">
      <Filter>Manager</Filter>
    </ClInclude>
    <ClInclude Include="packetprocess\ChannelProcess.h">
      <Filter>PacketProcess</Filter>
    </ClInclude>
    <ClInclude Include="packetprocess\BasePacketProcess.h">
      <Filter>PacketProcess</Filter>
    </ClInclude>
    <ClInclude Include="packetprocess\PacketCommon.h">
      <Filter>PacketProcess</Filter>
    </ClInclude>
    <ClInclude Include="gameserver\GameServer.h">
      <Filter>GameServer</Filter>
    </ClInclude>
    <ClInclude Include="gameserver\Session.h">
      <Filter>GameServer</Filter>
    </ClInclude>
    <ClInclude Include="gameserver\LogicThread.h">
      <Filter>GameServer</Filter>
    </ClInclude>
    <ClInclude Include="gameserver\PacketProcessThread.h">
      <Filter>GameServer</Filter>
    </ClInclude>
    <ClInclude Include="packet\Packet.h">
      <Filter>Packet</Filter>
    </ClInclude>
    <ClInclude Include="packet\PacketAnalyzeAndCreate.h">
      <Filter>Packet</Filter>
    </ClInclude>
    <ClInclude Include="packet\PacketID.h">
      <Filter>Packet</Filter>
    </ClInclude>
    <ClInclude Include="packet\PacketObject.h">
      <Filter>Packet</Filter>
    </ClInclude>
    <ClInclude Include="packet\PacketProcess.h">
      <Filter>Packet</Filter>
    </ClInclude>
    <ClInclude Include="BasePacketThread.h" />
    <ClInclude Include="packetprocess\CharacterProcess.h">
      <Filter>PacketProcess</Filter>
    </ClInclude>
    <ClInclude Include="ObjectManager.h" />
    <ClInclude Include="gameobject\CharPositionData.h">
      <Filter>GameObject\character</Filter>
    </ClInclude>
    <ClInclude Include="gameserver\SessionPool.h">
      <Filter>GameServer</Filter>
    </ClInclude>
    <ClInclude Include="gameobject\MonsterManager.h">
      <Filter>GameObject\monster</Filter>
    </ClInclude>
    <ClInclude Include="gameobject\MonsterObject.h">
      <Filter>GameObject\monster</Filter>
    </ClInclude>
    <ClInclude Include="packetprocess\MonsterProcess.h">
      <Filter>PacketProcess</Filter>
    </ClInclude>
    <ClInclude Include="packetprocess\EventProcess.h">
      <Filter>PacketProcess</Filter>
    </ClInclude>
    <ClInclude Include="gameobject\MapManager.h">
      <Filter>GameObject\map</Filter>
    </ClInclude>
    <ClInclude Include="gameobject\MapData.h">
      <Filter>GameObject\map</Filter>
    </ClInclude>
    <ClInclude Include="system\HeartBeatSystem.h">
      <Filter>system</Filter>
    </ClInclude>
    <ClInclude Include="database\DataBaseManager.h">
      <Filter>Database</Filter>
    </ClInclude>
    <ClInclude Include="gameobject\PlayerObject.h">
      <Filter>GameObject\character</Filter>
    </ClInclude>
    <ClInclude Include="packetprocess\UtilProcess.h">
      <Filter>PacketProcess</Filter>
    </ClInclude>
    <ClInclude Include="database\DatabaseCommon.h">
      <Filter>Database</Filter>
    </ClInclude>
  </ItemGroup>
</Project>