<?xml version="1.0" encoding="utf-8"?>
<Project ToolsVersion="4.0" xmlns="http://schemas.microsoft.com/developer/msbuild/2003">
  <ItemGroup>
    <Filter Include="Server">
      <UniqueIdentifier>{5277f3c4-c071-4907-b892-f2d13a57f176}</UniqueIdentifier>
    </Filter>
  </ItemGroup>
  <ItemGroup>
    <ClCompile Include="Server\TestServer.cpp">
      <Filter>Server</Filter>
    </ClCompile>
    <ClCompile Include="Server\TestSession.cpp">
      <Filter>Server</Filter>
    </ClCompile>
    <ClCompile Include="main.cpp" />
  </ItemGroup>
  <ItemGroup>
    <ClInclude Include="Server\TestServer.h">
      <Filter>Server</Filter>
    </ClInclude>
    <ClInclude Include="Server\TestSession.h">
      <Filter>Server</Filter>
    </ClInclude>
  </ItemGroup>
</Project>