<?xml version="1.0" encoding="utf-8"?>
<Project ToolsVersion="4.0" xmlns="http://schemas.microsoft.com/developer/msbuild/2003">
  <ItemGroup>
    <Filter Include="DBServer">
      <UniqueIdentifier>{5c2ca9f2-afea-4d68-a06b-c30008b857a9}</UniqueIdentifier>
    </Filter>
    <Filter Include="DB">
      <UniqueIdentifier>{56d211e1-9d1a-41a3-82fc-2cf706a4b4e0}</UniqueIdentifier>
    </Filter>
    <Filter Include="Process">
      <UniqueIdentifier>{a61351d4-1049-42f3-93d1-cf409c431505}</UniqueIdentifier>
    </Filter>
    <Filter Include="Packet">
      <UniqueIdentifier>{ca5aad81-3b69-4653-a013-3a90a2e031ec}</UniqueIdentifier>
    </Filter>
  </ItemGroup>
  <ItemGroup>
    <ClCompile Include="DBServer\DBServer.cpp">
      <Filter>DBServer</Filter>
    </ClCompile>
    <ClCompile Include="DBServer\DBSession.cpp">
      <Filter>DBServer</Filter>
    </ClCompile>
    <ClCompile Include="DB\MYSqlConnection.cpp">
      <Filter>DB</Filter>
    </ClCompile>
    <ClCompile Include="DB\MYSQLConnectionPool.cpp">
      <Filter>DB</Filter>
    </ClCompile>
    <ClCompile Include="Process\DBPacketAnalyze.cpp">
      <Filter>Process</Filter>
    </ClCompile>
    <ClCompile Include="Process\DBPacketProcess.cpp">
      <Filter>Process</Filter>
    </ClCompile>
    <ClCompile Include="main.cpp" />
  </ItemGroup>
  <ItemGroup>
    <ClInclude Include="DBServer\DBServer.h">
      <Filter>DBServer</Filter>
    </ClInclude>
    <ClInclude Include="DBServer\DBSession.h">
      <Filter>DBServer</Filter>
    </ClInclude>
    <ClInclude Include="DB\ConnectionPool.h">
      <Filter>DB</Filter>
    </ClInclude>
    <ClInclude Include="DB\DBConfig.h">
      <Filter>DB</Filter>
    </ClInclude>
    <ClInclude Include="DB\IConnection.h">
      <Filter>DB</Filter>
    </ClInclude>
    <ClInclude Include="DB\MYSqlConnection.h">
      <Filter>DB</Filter>
    </ClInclude>
    <ClInclude Include="DB\MYSQLConnectionPool.h">
      <Filter>DB</Filter>
    </ClInclude>
    <ClInclude Include="Process\DBPacketAnalyze.h">
      <Filter>Process</Filter>
    </ClInclude>
    <ClInclude Include="Process\DBPacketProcess.h">
      <Filter>Process</Filter>
    </ClInclude>
    <ClInclude Include="Packet\Packet.h">
      <Filter>Packet</Filter>
    </ClInclude>
    <ClInclude Include="Packet\PacketData.h">
      <Filter>Packet</Filter>
    </ClInclude>
    <ClInclude Include="Packet\PacketID.h">
      <Filter>Packet</Filter>
    </ClInclude>
  </ItemGroup>
  <ItemGroup>
    <None Include="Packet\PacketData.cs">
      <Filter>Packet</Filter>
    </None>
    <None Include="Packet\PacketID.cs">
      <Filter>Packet</Filter>
    </None>
  </ItemGroup>
</Project>