<?xml version="1.0" encoding="utf-8"?>
<Project ToolsVersion="4.0" xmlns="http://schemas.microsoft.com/developer/msbuild/2003">
  <ItemGroup>
    <Filter Include="Object">
      <UniqueIdentifier>{342ba9e6-5820-4d51-852b-fd0bde975826}</UniqueIdentifier>
    </Filter>
    <Filter Include="Math">
      <UniqueIdentifier>{0b007fc2-4e29-4916-bcdb-e811406f8f69}</UniqueIdentifier>
    </Filter>
  </ItemGroup>
  <ItemGroup>
    <ClInclude Include="Object\Object.h">
      <Filter>Object</Filter>
    </ClInclude>
    <ClInclude Include="Object\GameObject.h">
      <Filter>Object</Filter>
    </ClInclude>
    <ClInclude Include="Object\Transform.h">
      <Filter>Object</Filter>
    </ClInclude>
    <ClInclude Include="Math\Vector2.h">
      <Filter>Math</Filter>
    </ClInclude>
    <ClInclude Include="Math\Vector3.h">
      <Filter>Math</Filter>
    </ClInclude>
    <ClInclude Include="Object\GameObjectManager.h">
      <Filter>Object</Filter>
    </ClInclude>
  </ItemGroup>
  <ItemGroup>
    <ClCompile Include="Object\GameObject.cpp">
      <Filter>Object</Filter>
    </ClCompile>
    <ClCompile Include="Object\Transform.cpp">
      <Filter>Object</Filter>
    </ClCompile>
    <ClCompile Include="Math\Vector2.cpp">
      <Filter>Math</Filter>
    </ClCompile>
    <ClCompile Include="Math\Vector3.cpp">
      <Filter>Math</Filter>
    </ClCompile>
    <ClCompile Include="Object\GameObjectManager.cpp">
      <Filter>Object</Filter>
    </ClCompile>
  </ItemGroup>
</Project>