<?xml version="1.0" encoding="utf-8"?>
<Project ToolsVersion="4.0" xmlns="http://schemas.microsoft.com/developer/msbuild/2003">
  <ItemGroup>
    <Filter Include="CLIENT">
      <UniqueIdentifier>{d8fba9d7-b62e-48c1-9db3-5c36799c4b89}</UniqueIdentifier>
    </Filter>
  </ItemGroup>
  <ItemGroup>
    <ClCompile Include="main.cpp" />
    <ClCompile Include="Client\TestClient.cpp">
      <Filter>CLIENT</Filter>
    </ClCompile>
    <ClCompile Include="Client\TestSession.cpp">
      <Filter>CLIENT</Filter>
    </ClCompile>
  </ItemGroup>
  <ItemGroup>
    <ClInclude Include="Client\TestClient.h">
      <Filter>CLIENT</Filter>
    </ClInclude>
    <ClInclude Include="Client\TestSession.h">
      <Filter>CLIENT</Filter>
    </ClInclude>
  </ItemGroup>
</Project>